// !$*UTF8*$!
{
	archiveVersion = 1;
	classes = {
	};
	objectVersion = 46;
	objects = {

/* Begin PBXBuildFile section */
		7C14EAA31EA86ED20087EC0F /* main.cpp in Sources */ = {isa = PBXBuildFile; fileRef = 7C14EAA21EA86ED20087EC0F /* main.cpp */; };
		7C14EAAE1EA870E00087EC0F /* libopencv_highgui.3.1.0.dylib in Frameworks */ = {isa = PBXBuildFile; fileRef = 7C14EAAA1EA870E00087EC0F /* libopencv_highgui.3.1.0.dylib */; };
		7C14EAAF1EA870E00087EC0F /* libopencv_imgproc.3.1.0.dylib in Frameworks */ = {isa = PBXBuildFile; fileRef = 7C14EAAB1EA870E00087EC0F /* libopencv_imgproc.3.1.0.dylib */; };
		7C14EAB01EA870E00087EC0F /* libopencv_objdetect.3.1.0.dylib in Frameworks */ = {isa = PBXBuildFile; fileRef = 7C14EAAC1EA870E00087EC0F /* libopencv_objdetect.3.1.0.dylib */; };
		7C14EAB11EA870E00087EC0F /* libopencv_core.3.1.0.dylib in Frameworks */ = {isa = PBXBuildFile; fileRef = 7C14EAAD1EA870E00087EC0F /* libopencv_core.3.1.0.dylib */; };
		7CF94A3D1EC440D200E8FFAD /* RectBoxes.cpp in Sources */ = {isa = PBXBuildFile; fileRef = 7CF94A3B1EC440D200E8FFAD /* RectBoxes.cpp */; };
/* End PBXBuildFile section */

/* Begin PBXCopyFilesBuildPhase section */
		7C14EA9D1EA86ED20087EC0F /* CopyFiles */ = {
			isa = PBXCopyFilesBuildPhase;
			buildActionMask = 2147483647;
			dstPath = /usr/share/man/man1/;
			dstSubfolderSpec = 0;
			files = (
			);
			runOnlyForDeploymentPostprocessing = 1;
		};
/* End PBXCopyFilesBuildPhase section */

/* Begin PBXFileReference section */
		7C14EA9F1EA86ED20087EC0F /* WordTracking2 */ = {isa = PBXFileReference; explicitFileType = "compiled.mach-o.executable"; includeInIndex = 0; path = WordTracking2; sourceTree = BUILT_PRODUCTS_DIR; };
		7C14EAA21EA86ED20087EC0F /* main.cpp */ = {isa = PBXFileReference; lastKnownFileType = sourcecode.cpp.cpp; path = main.cpp; sourceTree = "<group>"; };
		7C14EAAA1EA870E00087EC0F /* libopencv_highgui.3.1.0.dylib */ = {isa = PBXFileReference; lastKnownFileType = "compiled.mach-o.dylib"; name = libopencv_highgui.3.1.0.dylib; path = ../../../../usr/local/lib/libopencv_highgui.3.1.0.dylib; sourceTree = "<group>"; };
		7C14EAAB1EA870E00087EC0F /* libopencv_imgproc.3.1.0.dylib */ = {isa = PBXFileReference; lastKnownFileType = "compiled.mach-o.dylib"; name = libopencv_imgproc.3.1.0.dylib; path = ../../../../usr/local/lib/libopencv_imgproc.3.1.0.dylib; sourceTree = "<group>"; };
		7C14EAAC1EA870E00087EC0F /* libopencv_objdetect.3.1.0.dylib */ = {isa = PBXFileReference; lastKnownFileType = "compiled.mach-o.dylib"; name = libopencv_objdetect.3.1.0.dylib; path = ../../../../usr/local/lib/libopencv_objdetect.3.1.0.dylib; sourceTree = "<group>"; };
		7C14EAAD1EA870E00087EC0F /* libopencv_core.3.1.0.dylib */ = {isa = PBXFileReference; lastKnownFileType = "compiled.mach-o.dylib"; name = libopencv_core.3.1.0.dylib; path = ../../../../usr/local/lib/libopencv_core.3.1.0.dylib; sourceTree = "<group>"; };
		7CF94A3B1EC440D200E8FFAD /* RectBoxes.cpp */ = {isa = PBXFileReference; fileEncoding = 4; lastKnownFileType = sourcecode.cpp.cpp; path = RectBoxes.cpp; sourceTree = "<group>"; };
		7CF94A3C1EC440D200E8FFAD /* RectBoxes.hpp */ = {isa = PBXFileReference; fileEncoding = 4; lastKnownFileType = sourcecode.cpp.h; path = RectBoxes.hpp; sourceTree = "<group>"; };
/* End PBXFileReference section */

/* Begin PBXFrameworksBuildPhase section */
		7C14EA9C1EA86ED20087EC0F /* Frameworks */ = {
			isa = PBXFrameworksBuildPhase;
			buildActionMask = 2147483647;
			files = (
				7C14EAAE1EA870E00087EC0F /* libopencv_highgui.3.1.0.dylib in Frameworks */,
				7C14EAAF1EA870E00087EC0F /* libopencv_imgproc.3.1.0.dylib in Frameworks */,
				7C14EAB01EA870E00087EC0F /* libopencv_objdetect.3.1.0.dylib in Frameworks */,
				7C14EAB11EA870E00087EC0F /* libopencv_core.3.1.0.dylib in Frameworks */,
			);
			runOnlyForDeploymentPostprocessing = 0;
		};
/* End PBXFrameworksBuildPhase section */

/* Begin PBXGroup section */
		7C14EA961EA86ED20087EC0F = {
			isa = PBXGroup;
			children = (
				7C14EAA11EA86ED20087EC0F /* WordTracking2 */,
				7C14EAA01EA86ED20087EC0F /* Products */,
				7C14EAA91EA870E00087EC0F /* Frameworks */,
			);
			sourceTree = "<group>";
		};
		7C14EAA01EA86ED20087EC0F /* Products */ = {
			isa = PBXGroup;
			children = (
				7C14EA9F1EA86ED20087EC0F /* WordTracking2 */,
			);
			name = Products;
			sourceTree = "<group>";
		};
		7C14EAA11EA86ED20087EC0F /* WordTracking2 */ = {
			isa = PBXGroup;
			children = (
				7C14EAA21EA86ED20087EC0F /* main.cpp */,
				7CF94A3B1EC440D200E8FFAD /* RectBoxes.cpp */,
				7CF94A3C1EC440D200E8FFAD /* RectBoxes.hpp */,
			);
			path = WordTracking2;
			sourceTree = "<group>";
		};
		7C14EAA91EA870E00087EC0F /* Frameworks */ = {
			isa = PBXGroup;
			children = (
				7C14EAAA1EA870E00087EC0F /* libopencv_highgui.3.1.0.dylib */,
				7C14EAAB1EA870E00087EC0F /* libopencv_imgproc.3.1.0.dylib */,
				7C14EAAC1EA870E00087EC0F /* libopencv_objdetect.3.1.0.dylib */,
				7C14EAAD1EA870E00087EC0F /* libopencv_core.3.1.0.dylib */,
			);
			name = Frameworks;
			sourceTree = "<group>";
		};
/* End PBXGroup section */

/* Begin PBXNativeTarget section */
		7C14EA9E1EA86ED20087EC0F /* WordTracking2 */ = {
			isa = PBXNativeTarget;
			buildConfigurationList = 7C14EAA61EA86ED20087EC0F /* Build configuration list for PBXNativeTarget "WordTracking2" */;
			buildPhases = (
				7C14EA9B1EA86ED20087EC0F /* Sources */,
				7C14EA9C1EA86ED20087EC0F /* Frameworks */,
				7C14EA9D1EA86ED20087EC0F /* CopyFiles */,
			);
			buildRules = (
			);
			dependencies = (
			);
			name = WordTracking2;
			productName = WordTracking2;
			productReference = 7C14EA9F1EA86ED20087EC0F /* WordTracking2 */;
			productType = "com.apple.product-type.tool";
		};
/* End PBXNativeTarget section */

/* Begin PBXProject section */
		7C14EA971EA86ED20087EC0F /* Project object */ = {
			isa = PBXProject;
			attributes = {
				LastUpgradeCheck = 0800;
				ORGANIZATIONNAME = boyang;
				TargetAttributes = {
					7C14EA9E1EA86ED20087EC0F = {
						CreatedOnToolsVersion = 8.0;
						ProvisioningStyle = Automatic;
					};
				};
			};
			buildConfigurationList = 7C14EA9A1EA86ED20087EC0F /* Build configuration list for PBXProject "WordTracking2" */;
			compatibilityVersion = "Xcode 3.2";
			developmentRegion = English;
			hasScannedForEncodings = 0;
			knownRegions = (
				en,
			);
			mainGroup = 7C14EA961EA86ED20087EC0F;
			productRefGroup = 7C14EAA01EA86ED20087EC0F /* Products */;
			projectDirPath = "";
			projectRoot = "";
			targets = (
				7C14EA9E1EA86ED20087EC0F /* WordTracking2 */,
			);
		};
/* End PBXProject section */

/* Begin PBXSourcesBuildPhase section */
		7C14EA9B1EA86ED20087EC0F /* Sources */ = {
			isa = PBXSourcesBuildPhase;
			buildActionMask = 2147483647;
			files = (
				7C14EAA31EA86ED20087EC0F /* main.cpp in Sources */,
				7CF94A3D1EC440D200E8FFAD /* RectBoxes.cpp in Sources */,
			);
			runOnlyForDeploymentPostprocessing = 0;
		};
/* End PBXSourcesBuildPhase section */

/* Begin XCBuildConfiguration section */
		7C14EAA41EA86ED20087EC0F /* Debug */ = {
			isa = XCBuildConfiguration;
			buildSettings = {
				ALWAYS_SEARCH_USER_PATHS = NO;
				CLANG_ANALYZER_NONNULL = YES;
				CLANG_CXX_LANGUAGE_STANDARD = "gnu++0x";
				CLANG_CXX_LIBRARY = "libc++";
				CLANG_ENABLE_MODULES = YES;
				CLANG_ENABLE_OBJC_ARC = YES;
				CLANG_WARN_BOOL_CONVERSION = YES;
				CLANG_WARN_CONSTANT_CONVERSION = YES;
				CLANG_WARN_DIRECT_OBJC_ISA_USAGE = YES_ERROR;
				CLANG_WARN_DOCUMENTATION_COMMENTS = YES;
				CLANG_WARN_EMPTY_BODY = YES;
				CLANG_WARN_ENUM_CONVERSION = YES;
				CLANG_WARN_INFINITE_RECURSION = YES;
				CLANG_WARN_INT_CONVERSION = YES;
				CLANG_WARN_OBJC_ROOT_CLASS = YES_ERROR;
				CLANG_WARN_SUSPICIOUS_MOVES = YES;
				CLANG_WARN_UNREACHABLE_CODE = YES;
				CLANG_WARN__DUPLICATE_METHOD_MATCH = YES;
				CODE_SIGN_IDENTITY = "-";
				COPY_PHASE_STRIP = NO;
				DEBUG_INFORMATION_FORMAT = dwarf;
				ENABLE_STRICT_OBJC_MSGSEND = YES;
				ENABLE_TESTABILITY = YES;
				GCC_C_LANGUAGE_STANDARD = gnu99;
				GCC_DYNAMIC_NO_PIC = NO;
				GCC_NO_COMMON_BLOCKS = YES;
				GCC_OPTIMIZATION_LEVEL = 0;
				GCC_PREPROCESSOR_DEFINITIONS = (
					"DEBUG=1",
					"$(inherited)",
				);
				GCC_WARN_64_TO_32_BIT_CONVERSION = YES;
				GCC_WARN_ABOUT_RETURN_TYPE = YES_ERROR;
				GCC_WARN_UNDECLARED_SELECTOR = YES;
				GCC_WARN_UNINITIALIZED_AUTOS = YES_AGGRESSIVE;
				GCC_WARN_UNUSED_FUNCTION = YES;
				GCC_WARN_UNUSED_VARIABLE = YES;
				MACOSX_DEPLOYMENT_TARGET = 10.11;
				MTL_ENABLE_DEBUG_INFO = YES;
				ONLY_ACTIVE_ARCH = YES;
				SDKROOT = macosx;
			};
			name = Debug;
		};
		7C14EAA51EA86ED20087EC0F /* Release */ = {
			isa = XCBuildConfiguration;
			buildSettings = {
				ALWAYS_SEARCH_USER_PATHS = NO;
				CLANG_ANALYZER_NONNULL = YES;
				CLANG_CXX_LANGUAGE_STANDARD = "gnu++0x";
				CLANG_CXX_LIBRARY = "libc++";
				CLANG_ENABLE_MODULES = YES;
				CLANG_ENABLE_OBJC_ARC = YES;
				CLANG_WARN_BOOL_CONVERSION = YES;
				CLANG_WARN_CONSTANT_CONVERSION = YES;
				CLANG_WARN_DIRECT_OBJC_ISA_USAGE = YES_ERROR;
				CLANG_WARN_DOCUMENTATION_COMMENTS = YES;
				CLANG_WARN_EMPTY_BODY = YES;
				CLANG_WARN_ENUM_CONVERSION = YES;
				CLANG_WARN_INFINITE_RECURSION = YES;
				CLANG_WARN_INT_CONVERSION = YES;
				CLANG_WARN_OBJC_ROOT_CLASS = YES_ERROR;
				CLANG_WARN_SUSPICIOUS_MOVES = YES;
				CLANG_WARN_UNREACHABLE_CODE = YES;
				CLANG_WARN__DUPLICATE_METHOD_MATCH = YES;
				CODE_SIGN_IDENTITY = "-";
				COPY_PHASE_STRIP = NO;
				DEBUG_INFORMATION_FORMAT = "dwarf-with-dsym";
				ENABLE_NS_ASSERTIONS = NO;
				ENABLE_STRICT_OBJC_MSGSEND = YES;
				GCC_C_LANGUAGE_STANDARD = gnu99;
				GCC_NO_COMMON_BLOCKS = YES;
				GCC_WARN_64_TO_32_BIT_CONVERSION = YES;
				GCC_WARN_ABOUT_RETURN_TYPE = YES_ERROR;
				GCC_WARN_UNDECLARED_SELECTOR = YES;
				GCC_WARN_UNINITIALIZED_AUTOS = YES_AGGRESSIVE;
				GCC_WARN_UNUSED_FUNCTION = YES;
				GCC_WARN_UNUSED_VARIABLE = YES;
				MACOSX_DEPLOYMENT_TARGET = 10.11;
				MTL_ENABLE_DEBUG_INFO = NO;
				SDKROOT = macosx;
			};
			name = Release;
		};
		7C14EAA71EA86ED20087EC0F /* Debug */ = {
			isa = XCBuildConfiguration;
			buildSettings = {
				HEADER_SEARCH_PATHS = /usr/local/include;
				LIBRARY_SEARCH_PATHS = /usr/local/lib;
				OTHER_LDFLAGS = (
					"-lopencv_calib3d",
					"-lopencv_core",
					"-lopencv_features2d",
					"-lopencv_flann",
					"-lopencv_highgui",
					"-lopencv_imgcodecs",
					"-lopencv_imgproc",
					"-lopencv_ml",
					"-lopencv_objdetect",
					"-lopencv_photo",
					"-lopencv_shape",
					"-lopencv_stitching",
					"-lopencv_superres",
					"-lopencv_ts",
					"-lopencv_video",
					"-lopencv_videoio",
					"-lopencv_videostab",
				);
				PRODUCT_NAME = "$(TARGET_NAME)";
			};
			name = Debug;
		};
		7C14EAA81EA86ED20087EC0F /* Release */ = {
			isa = XCBuildConfiguration;
			buildSettings = {
				HEADER_SEARCH_PATHS = /usr/local/include;
				LIBRARY_SEARCH_PATHS = /usr/local/lib;
				OTHER_LDFLAGS = (
					"-lopencv_calib3d",
					"-lopencv_core",
					"-lopencv_features2d",
					"-lopencv_flann",
					"-lopencv_highgui",
					"-lopencv_imgcodecs",
					"-lopencv_imgproc",
					"-lopencv_ml",
					"-lopencv_objdetect",
					"-lopencv_photo",
					"-lopencv_shape",
					"-lopencv_stitching",
					"-lopencv_superres",
					"-lopencv_ts",
					"-lopencv_video",
					"-lopencv_videoio",
					"-lopencv_videostab",
				);
				PRODUCT_NAME = "$(TARGET_NAME)";
			};
			name = Release;
		};
/* End XCBuildConfiguration section */

/* Begin XCConfigurationList section */
		7C14EA9A1EA86ED20087EC0F /* Build configuration list for PBXProject "WordTracking2" */ = {
			isa = XCConfigurationList;
			buildConfigurations = (
				7C14EAA41EA86ED20087EC0F /* Debug */,
				7C14EAA51EA86ED20087EC0F /* Release */,
			);
			defaultConfigurationIsVisible = 0;
			defaultConfigurationName = Release;
		};
		7C14EAA61EA86ED20087EC0F /* Build configuration list for PBXNativeTarget "WordTracking2" */ = {
			isa = XCConfigurationList;
			buildConfigurations = (
				7C14EAA71EA86ED20087EC0F /* Debug */,
				7C14EAA81EA86ED20087EC0F /* Release */,
			);
			defaultConfigurationIsVisible = 0;
			defaultConfigurationName = Release;
		};
/* End XCConfigurationList section */
	};
	rootObject = 7C14EA971EA86ED20087EC0F /* Project object */;
}
